github.com/cpuguy83/go-md2man/v2 v2.0.4/go.mod h1:tgQtvFlXSQOSOSIRvRPT7W67SCa46tRHOmNcaadrF8o=
github.com/docker/go-units v0.5.0 h1:69rxXcBk27SvSaaxTtLh/8llcHD8vYHT7WSdRZ/jvr4=
github.com/docker/go-units v0.5.0/go.mod h1:fgPhTUdO+D/Jk86RDLlptpiXQzgHJF7gydDDbaIK4Dk=
github.com/google/uuid v1.6.0 h1:NIvaJDMOsjHA8n1jAhLSgzrAzy1Hgr+hNrb57e+94F0=
github.com/google/uuid v1.6.0/go.mod h1:TIyPZe4MgqvfeYDBFedMoGGpEw/LqOeaOT+nhxU+yHo=
github.com/idanmadmon/rate-limited-reader v1.0.0 h1:IZVHQU7MEk7QvSlpA43u9WDV6XKPpq1DkLTgfUJyZ+Q=
github.com/idanmadmon/rate-limited-reader v1.0.0/go.mod h1:w4IYscN7SvQhQkvtnrNWbvfyOCjkU06ETEDxY9/fSaw=
github.com/idanmadmon/rate-limited-reader v1.1.0 h1:gvZeRW2vYIE/BdQErCKVgpYGRE361a//0iP9t8RJ0Ws=
github.com/idanmadmon/rate-limited-reader v1.1.0/go.mod h1:w4IYscN7SvQhQkvtnrNWbvfyOCjkU06ETEDxY9/fSaw=
github.com/idanmadmon/rate-limited-reader v1.2.0 h1:bFVKcYS5OIMtmPd/R7fLQ60ZvbgYDYaj1t/rd658mjQ=
github.com/idanmadmon/rate-limited-reader v1.2.0/go.mod h1:w4IYscN7SvQhQkvtnrNWbvfyOCjkU06ETEDxY9/fSaw=
github.com/idanmadmon/rate-limited-reader v1.3.0 h1:h8jfl6HX4yeQoB8wMcB7I+A6VxFjUh4JupZAb5dzHLQ=
github.com/idanmadmon/rate-limited-reader v1.3.0/go.mod h1:w4IYscN7SvQhQkvtnrNWbvfyOCjkU06ETEDxY9/fSaw=
github.com/idanmadmon/stream-duplicator v1.0.0 h1:XeBWFWt63m5pvabOtKM6Mi0+wC587TdKjLoLPPzF/F0=
github.com/idanmadmon/stream-duplicator v1.0.0/go.mod h1:/YSJ1efi3xPnZMaLkfVS1XD1Aabg15pdBUkt4n7UxoI=
github.com/inconshreveable/mousetrap v1.1.0 h1:wN+x4NVGpMsO7ErUn/mUI3vEoE6Jt13X2s0bqwp9tc8=
github.com/inconshreveable/mousetrap v1.1.0/go.mod h1:vpF70FUmC8bwa3OWnCshd2FqLfsEA9PFc4w1p2J65bw=
github.com/russross/blackfriday/v2 v2.1.0/go.mod h1:+Rmxgy9KzJVeS9/2gXHxylqXiyQDYRxCVz55jmeOWTM=
github.com/spf13/cobra v1.8.1 h1:e5/vxKd/rZsfSJMUX1agtjeTDf+qv1/JdBF8gg5k9ZM=
github.com/spf13/cobra v1.8.1/go.mod h1:wHxEcudfqmLYa8iTfL+OuZPbBZkmvliBWKIezN3kD9Y=
github.com/spf13/pflag v1.0.5 h1:iy+VFUOCP1a+8yFto/drg2CJ5u0yRoB7fZw3DKv/JXA=
github.com/spf13/pflag v1.0.5/go.mod h1:McXfInJRrz4CZXVZOBLb0bTZqETkiAhM9Iw0y3An2Bg=
gopkg.in/check.v1 v0.0.0-20161208181325-20d25e280405/go.mod h1:Co6ibVJAznAaIkqp8huTwlJQCZ016jof/cbN4VW5Yz0=
gopkg.in/yaml.v3 v3.0.1/go.mod h1:K4uyk7z7BCEPqu6E+C64Yfv1cQ7kz7rIZviUmN+EgEM=
